
Microsoft Visual Studio Solution File, Format Version 12.00
# Visual Studio Version 16
VisualStudioVersion = 16.0.30011.22
MinimumVisualStudioVersion = 10.0.40219.1
Project("{8BC9CEB8-8B4A-11D0-8D11-00A0C91BC942}") = "Knights and Dragons", "Knights and Dragons\Knights and Dragons.vcxproj", "{9C4620E2-5CC2-42FD-9E5F-CC7DE8A77645}"
EndProject
Global
	GlobalSection(SolutionConfigurationPlatforms) = preSolution
		Debug|x64 = Debug|x64
		Debug|x86 = Debug|x86
		Release|x64 = Release|x64
		Release|x86 = Release|x86
	EndGlobalSection
	GlobalSection(ProjectConfigurationPlatforms) = postSolution
		{9C4620E2-5CC2-42FD-9E5F-CC7DE8A77645}.Debug|x64.ActiveCfg = Debug|x64
		{9C4620E2-5CC2-42FD-9E5F-CC7DE8A77645}.Debug|x64.Build.0 = Debug|x64
		{9C4620E2-5CC2-42FD-9E5F-CC7DE8A77645}.Debug|x86.ActiveCfg = Debug|Win32
		{9C4620E2-5CC2-42FD-9E5F-CC7DE8A77645}.Debug|x86.Build.0 = Debug|Win32
		{9C4620E2-5CC2-42FD-9E5F-CC7DE8A77645}.Release|x64.ActiveCfg = Release|x64
		{9C4620E2-5CC2-42FD-9E5F-CC7DE8A77645}.Release|x64.Build.0 = Release|x64
		{9C4620E2-5CC2-42FD-9E5F-CC7DE8A77645}.Release|x86.ActiveCfg = Release|Win32
		{9C4620E2-5CC2-42FD-9E5F-CC7DE8A77645}.Release|x86.Build.0 = Release|Win32
	EndGlobalSection
	GlobalSection(SolutionProperties) = preSolution
		HideSolutionNode = FALSE
	EndGlobalSection
	GlobalSection(ExtensibilityGlobals) = postSolution
		SolutionGuid = {586C578E-7B4C-4CB0-ACF9-4EDE25B02D2B}
	EndGlobalSection
EndGlobal
